
Microsoft Visual Studio Solution File, Format Version 12.00
# Visual Studio 14
VisualStudioVersion = 14.0.25420.1
MinimumVisualStudioVersion = 10.0.40219.1
Project("{FAE04EC0-301F-11D3-BF4B-00C04F79EFBC}") = "Task5_Form", "Task5_Form\Task5_Form.csproj", "{7B83EB9D-6BF1-4813-BA8B-897587867585}"
EndProject
Project("{FAE04EC0-301F-11D3-BF4B-00C04F79EFBC}") = "Task5_BL", "..\Task5_BL\Task5_BL.csproj", "{05417205-1661-43B5-92F2-ED059831808D}"
EndProject
Project("{FAE04EC0-301F-11D3-BF4B-00C04F79EFBC}") = "Task7_Form", "..\Task7_Form\Task7_Form.csproj", "{6F422044-A3A4-4ED4-954A-A2F8B54785F3}"
EndProject
Project("{FAE04EC0-301F-11D3-BF4B-00C04F79EFBC}") = "Task7_BL", "..\Task7_BL\Task7_BL.csproj", "{21B5514D-FF53-4278-A72E-6C7526388B68}"
EndProject
Project("{FAE04EC0-301F-11D3-BF4B-00C04F79EFBC}") = "Task8_Form", "..\Task8_Form\Task8_Form.csproj", "{95A8B806-1E89-43F6-94DC-0D3642E8797E}"
EndProject
Project("{FAE04EC0-301F-11D3-BF4B-00C04F79EFBC}") = "Task6_Form", "..\Task6_Form\Task6_Form.csproj", "{20447BF3-C1AA-4D83-9308-35597A463CD9}"
EndProject
Project("{FAE04EC0-301F-11D3-BF4B-00C04F79EFBC}") = "Task6_BL", "..\Task6_BL\Task6_BL.csproj", "{2C38462E-783D-434C-889D-1B0BEA936DC3}"
EndProject
Global
	GlobalSection(SolutionConfigurationPlatforms) = preSolution
		Debug|Any CPU = Debug|Any CPU
		Release|Any CPU = Release|Any CPU
	EndGlobalSection
	GlobalSection(ProjectConfigurationPlatforms) = postSolution
		{7B83EB9D-6BF1-4813-BA8B-897587867585}.Debug|Any CPU.ActiveCfg = Debug|Any CPU
		{7B83EB9D-6BF1-4813-BA8B-897587867585}.Debug|Any CPU.Build.0 = Debug|Any CPU
		{7B83EB9D-6BF1-4813-BA8B-897587867585}.Release|Any CPU.ActiveCfg = Release|Any CPU
		{7B83EB9D-6BF1-4813-BA8B-897587867585}.Release|Any CPU.Build.0 = Release|Any CPU
		{05417205-1661-43B5-92F2-ED059831808D}.Debug|Any CPU.ActiveCfg = Debug|Any CPU
		{05417205-1661-43B5-92F2-ED059831808D}.Debug|Any CPU.Build.0 = Debug|Any CPU
		{05417205-1661-43B5-92F2-ED059831808D}.Release|Any CPU.ActiveCfg = Release|Any CPU
		{05417205-1661-43B5-92F2-ED059831808D}.Release|Any CPU.Build.0 = Release|Any CPU
		{6F422044-A3A4-4ED4-954A-A2F8B54785F3}.Debug|Any CPU.ActiveCfg = Debug|Any CPU
		{6F422044-A3A4-4ED4-954A-A2F8B54785F3}.Debug|Any CPU.Build.0 = Debug|Any CPU
		{6F422044-A3A4-4ED4-954A-A2F8B54785F3}.Release|Any CPU.ActiveCfg = Release|Any CPU
		{6F422044-A3A4-4ED4-954A-A2F8B54785F3}.Release|Any CPU.Build.0 = Release|Any CPU
		{21B5514D-FF53-4278-A72E-6C7526388B68}.Debug|Any CPU.ActiveCfg = Debug|Any CPU
		{21B5514D-FF53-4278-A72E-6C7526388B68}.Debug|Any CPU.Build.0 = Debug|Any CPU
		{21B5514D-FF53-4278-A72E-6C7526388B68}.Release|Any CPU.ActiveCfg = Release|Any CPU
		{21B5514D-FF53-4278-A72E-6C7526388B68}.Release|Any CPU.Build.0 = Release|Any CPU
		{95A8B806-1E89-43F6-94DC-0D3642E8797E}.Debug|Any CPU.ActiveCfg = Debug|Any CPU
		{95A8B806-1E89-43F6-94DC-0D3642E8797E}.Debug|Any CPU.Build.0 = Debug|Any CPU
		{95A8B806-1E89-43F6-94DC-0D3642E8797E}.Release|Any CPU.ActiveCfg = Release|Any CPU
		{95A8B806-1E89-43F6-94DC-0D3642E8797E}.Release|Any CPU.Build.0 = Release|Any CPU
		{20447BF3-C1AA-4D83-9308-35597A463CD9}.Debug|Any CPU.ActiveCfg = Debug|Any CPU
		{20447BF3-C1AA-4D83-9308-35597A463CD9}.Debug|Any CPU.Build.0 = Debug|Any CPU
		{20447BF3-C1AA-4D83-9308-35597A463CD9}.Release|Any CPU.ActiveCfg = Release|Any CPU
		{20447BF3-C1AA-4D83-9308-35597A463CD9}.Release|Any CPU.Build.0 = Release|Any CPU
		{2C38462E-783D-434C-889D-1B0BEA936DC3}.Debug|Any CPU.ActiveCfg = Debug|Any CPU
		{2C38462E-783D-434C-889D-1B0BEA936DC3}.Debug|Any CPU.Build.0 = Debug|Any CPU
		{2C38462E-783D-434C-889D-1B0BEA936DC3}.Release|Any CPU.ActiveCfg = Release|Any CPU
		{2C38462E-783D-434C-889D-1B0BEA936DC3}.Release|Any CPU.Build.0 = Release|Any CPU
	EndGlobalSection
	GlobalSection(SolutionProperties) = preSolution
		HideSolutionNode = FALSE
	EndGlobalSection
EndGlobal
